# THIS IS AN AUTOGENERATED FILE. DO NOT EDIT THIS FILE DIRECTLY.
# yarn lockfile v1


"@babel/code-frame@^7.0.0", "@babel/code-frame@^7.10.4", "@babel/code-frame@^7.12.11":
  version "7.12.11"
  resolved "https://registry.yarnpkg.com/@babel/code-frame/-/code-frame-7.12.11.tgz#f4ad435aa263db935b8f10f2c552d23fb716a63f"
  integrity sha512-Zt1yodBx1UcyiePMSkWnU4hPqhwq7hGi2nFL1LeA3EUl+q2LQx16MISgJ0+z7dnmgvP9QtIleuETGOiOH1RcIw==
  dependencies:
    "@babel/highlight" "^7.10.4"

"@babel/generator@^7.12.11":
  version "7.12.11"
  resolved "https://registry.yarnpkg.com/@babel/generator/-/generator-7.12.11.tgz#98a7df7b8c358c9a37ab07a24056853016aba3af"
  integrity sha512-Ggg6WPOJtSi8yYQvLVjG8F/TlpWDlKx0OpS4Kt+xMQPs5OaGYWy+v1A+1TvxI6sAMGZpKWWoAQ1DaeQbImlItA==
  dependencies:
    "@babel/types" "^7.12.11"
    jsesc "^2.5.1"
    source-map "^0.5.0"

"@babel/helper-function-name@^7.12.11":
  version "7.12.11"
  resolved "https://registry.yarnpkg.com/@babel/helper-function-name/-/helper-function-name-7.12.11.tgz#1fd7738aee5dcf53c3ecff24f1da9c511ec47b42"
  integrity sha512-AtQKjtYNolKNi6nNNVLQ27CP6D9oFR6bq/HPYSizlzbp7uC1M59XJe8L+0uXjbIaZaUJF99ruHqVGiKXU/7ybA==
  dependencies:
    "@babel/helper-get-function-arity" "^7.12.10"
    "@babel/template" "^7.12.7"
    "@babel/types" "^7.12.11"

"@babel/helper-get-function-arity@^7.12.10":
  version "7.12.10"
  resolved "https://registry.yarnpkg.com/@babel/helper-get-function-arity/-/helper-get-function-arity-7.12.10.tgz#b158817a3165b5faa2047825dfa61970ddcc16cf"
  integrity sha512-mm0n5BPjR06wh9mPQaDdXWDoll/j5UpCAPl1x8fS71GHm7HA6Ua2V4ylG1Ju8lvcTOietbPNNPaSilKj+pj+Ag==
  dependencies:
    "@babel/types" "^7.12.10"

"@babel/helper-split-export-declaration@^7.12.11":
  version "7.12.11"
  resolved "https://registry.yarnpkg.com/@babel/helper-split-export-declaration/-/helper-split-export-declaration-7.12.11.tgz#1b4cc424458643c47d37022223da33d76ea4603a"
  integrity sha512-LsIVN8j48gHgwzfocYUSkO/hjYAOJqlpJEc7tGXcIm4cubjVUf8LGW6eWRyxEu7gA25q02p0rQUWoCI33HNS5g==
  dependencies:
    "@babel/types" "^7.12.11"

"@babel/helper-validator-identifier@^7.10.4", "@babel/helper-validator-identifier@^7.12.11":
  version "7.12.11"
  resolved "https://registry.yarnpkg.com/@babel/helper-validator-identifier/-/helper-validator-identifier-7.12.11.tgz#c9a1f021917dcb5ccf0d4e453e399022981fc9ed"
  integrity sha512-np/lG3uARFybkoHokJUmf1QfEvRVCPbmQeUQpKow5cQ3xWrV9i3rUHodKDJPQfTVX61qKi+UdYk8kik84n7XOw==

"@babel/highlight@^7.10.4":
  version "7.10.4"
  resolved "https://registry.yarnpkg.com/@babel/highlight/-/highlight-7.10.4.tgz#7d1bdfd65753538fabe6c38596cdb76d9ac60143"
  integrity sha512-i6rgnR/YgPEQzZZnbTHHuZdlE8qyoBNalD6F+q4vAFlcMEcqmkoG+mPqJYJCo63qPf74+Y1UZsl3l6f7/RIkmA==
  dependencies:
    "@babel/helper-validator-identifier" "^7.10.4"
    chalk "^2.0.0"
    js-tokens "^4.0.0"

"@babel/parser@^7.12.11", "@babel/parser@^7.12.7", "@babel/parser@^7.7.0":
  version "7.12.11"
  resolved "https://registry.yarnpkg.com/@babel/parser/-/parser-7.12.11.tgz#9ce3595bcd74bc5c466905e86c535b8b25011e79"
  integrity sha512-N3UxG+uuF4CMYoNj8AhnbAcJF0PiuJ9KHuy1lQmkYsxTer/MAH9UBNHsBoAX/4s6NvlDD047No8mYVGGzLL4hg==

"@babel/template@^7.12.7":
  version "7.12.7"
  resolved "https://registry.yarnpkg.com/@babel/template/-/template-7.12.7.tgz#c817233696018e39fbb6c491d2fb684e05ed43bc"
  integrity sha512-GkDzmHS6GV7ZeXfJZ0tLRBhZcMcY0/Lnb+eEbXDBfCAcZCjrZKe6p3J4we/D24O9Y8enxWAg1cWwof59yLh2ow==
  dependencies:
    "@babel/code-frame" "^7.10.4"
    "@babel/parser" "^7.12.7"
    "@babel/types" "^7.12.7"

"@babel/traverse@^7.7.0":
  version "7.12.12"
  resolved "https://registry.yarnpkg.com/@babel/traverse/-/traverse-7.12.12.tgz#d0cd87892704edd8da002d674bc811ce64743376"
  integrity sha512-s88i0X0lPy45RrLM8b9mz8RPH5FqO9G9p7ti59cToE44xFm1Q+Pjh5Gq4SXBbtb88X7Uy7pexeqRIQDDMNkL0w==
  dependencies:
    "@babel/code-frame" "^7.12.11"
    "@babel/generator" "^7.12.11"
    "@babel/helper-function-name" "^7.12.11"
    "@babel/helper-split-export-declaration" "^7.12.11"
    "@babel/parser" "^7.12.11"
    "@babel/types" "^7.12.12"
    debug "^4.1.0"
    globals "^11.1.0"
    lodash "^4.17.19"

"@babel/types@^7.12.10", "@babel/types@^7.12.11", "@babel/types@^7.12.12", "@babel/types@^7.12.7", "@babel/types@^7.7.0":
  version "7.12.12"
  resolved "https://registry.yarnpkg.com/@babel/types/-/types-7.12.12.tgz#4608a6ec313abbd87afa55004d373ad04a96c299"
  integrity sha512-lnIX7piTxOH22xE7fDXDbSHg9MM1/6ORnafpJmov5rs0kX5g4BZxeXNJLXsMRiO0U5Rb8/FvMS6xlTnTHvxonQ==
  dependencies:
    "@babel/helper-validator-identifier" "^7.12.11"
    lodash "^4.17.19"
    to-fast-properties "^2.0.0"

ansi-styles@^3.2.1:
  version "3.2.1"
  resolved "https://registry.yarnpkg.com/ansi-styles/-/ansi-styles-3.2.1.tgz#41fbb20243e50b12be0f04b8dedbf07520ce841d"
  integrity sha512-VT0ZI6kZRdTh8YyJw3SMbYm/u+NqfsAxEpWO0Pf9sq8/e94WxxOpPKx9FR1FlyCtOVDNOQ+8ntlqFxiRc+r5qA==
  dependencies:
    color-convert "^1.9.0"

array-includes@^3.1.1, array-includes@^3.1.2:
  version "3.1.2"
  resolved "https://registry.yarnpkg.com/array-includes/-/array-includes-3.1.2.tgz#a8db03e0b88c8c6aeddc49cb132f9bcab4ebf9c8"
  integrity sha512-w2GspexNQpx+PutG3QpT437/BenZBj0M/MZGn5mzv/MofYqo0xmRHzn4lFsoDlWJ+THYsGJmFlW68WlDFx7VRw==
  dependencies:
    call-bind "^1.0.0"
    define-properties "^1.1.3"
    es-abstract "^1.18.0-next.1"
    get-intrinsic "^1.0.1"
    is-string "^1.0.5"

array.prototype.flatmap@^1.2.3:
  version "1.2.4"
  resolved "https://registry.yarnpkg.com/array.prototype.flatmap/-/array.prototype.flatmap-1.2.4.tgz#94cfd47cc1556ec0747d97f7c7738c58122004c9"
  integrity sha512-r9Z0zYoxqHz60vvQbWEdXIEtCwHF0yxaWfno9qzXeNHvfyl3BZqygmGzb84dsubyaXLH4husF+NFgMSdpZhk2Q==
  dependencies:
    call-bind "^1.0.0"
    define-properties "^1.1.3"
    es-abstract "^1.18.0-next.1"
    function-bind "^1.1.1"

babel-eslint@^10.1.0:
  version "10.1.0"
  resolved "https://registry.yarnpkg.com/babel-eslint/-/babel-eslint-10.1.0.tgz#6968e568a910b78fb3779cdd8b6ac2f479943232"
  integrity sha512-ifWaTHQ0ce+448CYop8AdrQiBsGrnC+bMgfyKFdi6EsPLTAWG+QfyDeM6OH+FmWnKvEq5NnBMLvlBUPKQZoDSg==
  dependencies:
    "@babel/code-frame" "^7.0.0"
    "@babel/parser" "^7.7.0"
    "@babel/traverse" "^7.7.0"
    "@babel/types" "^7.7.0"
    eslint-visitor-keys "^1.0.0"
    resolve "^1.12.0"

call-bind@^1.0.0:
  version "1.0.2"
  resolved "https://registry.yarnpkg.com/call-bind/-/call-bind-1.0.2.tgz#b1d4e89e688119c3c9a903ad30abb2f6a919be3c"
  integrity sha512-7O+FbCihrB5WGbFYesctwmTKae6rOiIzmz1icreWJ+0aA7LJfuqhEso2T9ncpcFtzMQtzXf2QGGueWJGTYsqrA==
  dependencies:
    function-bind "^1.1.1"
    get-intrinsic "^1.0.2"

chalk@^2.0.0:
  version "2.4.2"
  resolved "https://registry.yarnpkg.com/chalk/-/chalk-2.4.2.tgz#cd42541677a54333cf541a49108c1432b44c9424"
  integrity sha512-Mti+f9lpJNcwF4tWV8/OrTTtF1gZi+f8FqlyAdouralcFWFQWF2+NgCHShjkCb+IFBLq9buZwE1xckQU4peSuQ==
  dependencies:
    ansi-styles "^3.2.1"
    escape-string-regexp "^1.0.5"
    supports-color "^5.3.0"

color-convert@^1.9.0:
  version "1.9.3"
  resolved "https://registry.yarnpkg.com/color-convert/-/color-convert-1.9.3.tgz#bb71850690e1f136567de629d2d5471deda4c1e8"
  integrity sha512-QfAUtd+vFdAtFQcC8CCyYt1fYWxSqAiK2cSD6zDB8N3cpsEBAvRxp9zOGg6G/SHHJYAT88/az/IuDGALsNVbGg==
  dependencies:
    color-name "1.1.3"

color-name@1.1.3:
  version "1.1.3"
  resolved "https://registry.yarnpkg.com/color-name/-/color-name-1.1.3.tgz#a7d0558bd89c42f795dd42328f740831ca53bc25"
  integrity sha1-p9BVi9icQveV3UIyj3QIMcpTvCU=

confusing-browser-globals@^1.0.10:
  version "1.0.10"
  resolved "https://registry.yarnpkg.com/confusing-browser-globals/-/confusing-browser-globals-1.0.10.tgz#30d1e7f3d1b882b25ec4933d1d1adac353d20a59"
  integrity sha512-gNld/3lySHwuhaVluJUKLePYirM3QNCKzVxqAdhJII9/WXKVX5PURzMVJspS1jTslSqjeuG4KMVTSouit5YPHA==

debug@^4.1.0:
  version "4.3.1"
  resolved "https://registry.yarnpkg.com/debug/-/debug-4.3.1.tgz#f0d229c505e0c6d8c49ac553d1b13dc183f6b2ee"
  integrity sha512-doEwdvm4PCeK4K3RQN2ZC2BYUBaxwLARCqZmMjtF8a51J2Rb0xpVloFRnCODwqjpwnAoao4pelN8l3RJdv3gRQ==
  dependencies:
    ms "2.1.2"

define-properties@^1.1.3:
  version "1.1.3"
  resolved "https://registry.yarnpkg.com/define-properties/-/define-properties-1.1.3.tgz#cf88da6cbee26fe6db7094f61d870cbd84cee9f1"
  integrity sha512-3MqfYKj2lLzdMSf8ZIZE/V+Zuy+BgD6f164e8K2w7dgnpKArBDerGYpM46IYYcjnkdPNMjPk9A6VFB8+3SKlXQ==
  dependencies:
    object-keys "^1.0.12"

doctrine@^2.1.0:
  version "2.1.0"
  resolved "https://registry.yarnpkg.com/doctrine/-/doctrine-2.1.0.tgz#5cd01fc101621b42c4cd7f5d1a66243716d3f39d"
  integrity sha512-35mSku4ZXK0vfCuHEDAwt55dg2jNajHZ1odvF+8SSr82EsZY4QmXfuWso8oEd8zRhVObSN18aM0CjSdoBX7zIw==
  dependencies:
    esutils "^2.0.2"

es-abstract@^1.17.0-next.1:
  version "1.17.7"
  resolved "https://registry.yarnpkg.com/es-abstract/-/es-abstract-1.17.7.tgz#a4de61b2f66989fc7421676c1cb9787573ace54c"
  integrity sha512-VBl/gnfcJ7OercKA9MVaegWsBHFjV492syMudcnQZvt/Dw8ezpcOHYZXa/J96O8vx+g4x65YKhxOwDUh63aS5g==
  dependencies:
    es-to-primitive "^1.2.1"
    function-bind "^1.1.1"
    has "^1.0.3"
    has-symbols "^1.0.1"
    is-callable "^1.2.2"
    is-regex "^1.1.1"
    object-inspect "^1.8.0"
    object-keys "^1.1.1"
    object.assign "^4.1.1"
    string.prototype.trimend "^1.0.1"
    string.prototype.trimstart "^1.0.1"

es-abstract@^1.18.0-next.1:
  version "1.18.0-next.1"
  resolved "https://registry.yarnpkg.com/es-abstract/-/es-abstract-1.18.0-next.1.tgz#6e3a0a4bda717e5023ab3b8e90bec36108d22c68"
  integrity sha512-I4UGspA0wpZXWENrdA0uHbnhte683t3qT/1VFH9aX2dA5PPSf6QW5HHXf5HImaqPmjXaVeVk4RGWnaylmV7uAA==
  dependencies:
    es-to-primitive "^1.2.1"
    function-bind "^1.1.1"
    has "^1.0.3"
    has-symbols "^1.0.1"
    is-callable "^1.2.2"
    is-negative-zero "^2.0.0"
    is-regex "^1.1.1"
    object-inspect "^1.8.0"
    object-keys "^1.1.1"
    object.assign "^4.1.1"
    string.prototype.trimend "^1.0.1"
    string.prototype.trimstart "^1.0.1"

es-to-primitive@^1.2.1:
  version "1.2.1"
  resolved "https://registry.yarnpkg.com/es-to-primitive/-/es-to-primitive-1.2.1.tgz#e55cd4c9cdc188bcefb03b366c736323fc5c898a"
  integrity sha512-QCOllgZJtaUo9miYBcLChTUaHNjJF3PYs1VidD7AwiEj1kYxKeQTctLAezAOH5ZKRH0g2IgPn6KwB4IT8iRpvA==
  dependencies:
    is-callable "^1.1.4"
    is-date-object "^1.0.1"
    is-symbol "^1.0.2"

escape-string-regexp@^1.0.5:
  version "1.0.5"
  resolved "https://registry.yarnpkg.com/escape-string-regexp/-/escape-string-regexp-1.0.5.tgz#1b61c0562190a8dff6ae3bb2cf0200ca130b86d4"
  integrity sha1-G2HAViGQqN/2rjuyzwIAyhMLhtQ=

eslint-config-airbnb-base@^14.2.1:
  version "14.2.1"
  resolved "https://registry.yarnpkg.com/eslint-config-airbnb-base/-/eslint-config-airbnb-base-14.2.1.tgz#8a2eb38455dc5a312550193b319cdaeef042cd1e"
  integrity sha512-GOrQyDtVEc1Xy20U7vsB2yAoB4nBlfH5HZJeatRXHleO+OS5Ot+MWij4Dpltw4/DyIkqUfqz1epfhVR5XWWQPA==
  dependencies:
    confusing-browser-globals "^1.0.10"
    object.assign "^4.1.2"
    object.entries "^1.1.2"

eslint-config-airbnb@^18.2.1:
  version "18.2.1"
  resolved "https://registry.yarnpkg.com/eslint-config-airbnb/-/eslint-config-airbnb-18.2.1.tgz#b7fe2b42f9f8173e825b73c8014b592e449c98d9"
  integrity sha512-glZNDEZ36VdlZWoxn/bUR1r/sdFKPd1mHPbqUtkctgNG4yT2DLLtJ3D+yCV+jzZCc2V1nBVkmdknOJBZ5Hc0fg==
  dependencies:
    eslint-config-airbnb-base "^14.2.1"
    object.assign "^4.1.2"
    object.entries "^1.1.2"

eslint-plugin-react@^7.22.0:
  version "7.22.0"
  resolved "https://registry.yarnpkg.com/eslint-plugin-react/-/eslint-plugin-react-7.22.0.tgz#3d1c542d1d3169c45421c1215d9470e341707269"
  integrity sha512-p30tuX3VS+NWv9nQot9xIGAHBXR0+xJVaZriEsHoJrASGCJZDJ8JLNM0YqKqI0AKm6Uxaa1VUHoNEibxRCMQHA==
  dependencies:
    array-includes "^3.1.1"
    array.prototype.flatmap "^1.2.3"
    doctrine "^2.1.0"
    has "^1.0.3"
    jsx-ast-utils "^2.4.1 || ^3.0.0"
    object.entries "^1.1.2"
    object.fromentries "^2.0.2"
    object.values "^1.1.1"
    prop-types "^15.7.2"
    resolve "^1.18.1"
    string.prototype.matchall "^4.0.2"

eslint-visitor-keys@^1.0.0:
  version "1.3.0"
  resolved "https://registry.yarnpkg.com/eslint-visitor-keys/-/eslint-visitor-keys-1.3.0.tgz#30ebd1ef7c2fdff01c3a4f151044af25fab0523e"
  integrity sha512-6J72N8UNa462wa/KFODt/PJ3IU60SDpC3QXC1Hjc1BXXpfL2C9R5+AU7jhe0F6GREqVMh4Juu+NY7xn+6dipUQ==

esutils@^2.0.2:
  version "2.0.3"
  resolved "https://registry.yarnpkg.com/esutils/-/esutils-2.0.3.tgz#74d2eb4de0b8da1293711910d50775b9b710ef64"
  integrity sha512-kVscqXk4OCp68SZ0dkgEKVi6/8ij300KBWTJq32P/dYeWTSwK41WyTxalN1eRmA5Z9UU/LX9D7FWSmV9SAYx6g==

function-bind@^1.1.1:
  version "1.1.1"
  resolved "https://registry.yarnpkg.com/function-bind/-/function-bind-1.1.1.tgz#a56899d3ea3c9bab874bb9773b7c5ede92f4895d"
  integrity sha512-yIovAzMX49sF8Yl58fSCWJ5svSLuaibPxXQJFLmBObTuCr0Mf1KiPopGM9NiFjiYBCbfaa2Fh6breQ6ANVTI0A==

get-intrinsic@^1.0.1, get-intrinsic@^1.0.2:
  version "1.0.2"
  resolved "https://registry.yarnpkg.com/get-intrinsic/-/get-intrinsic-1.0.2.tgz#6820da226e50b24894e08859469dc68361545d49"
  integrity sha512-aeX0vrFm21ILl3+JpFFRNe9aUvp6VFZb2/CTbgLb8j75kOhvoNYjt9d8KA/tJG4gSo8nzEDedRl0h7vDmBYRVg==
  dependencies:
    function-bind "^1.1.1"
    has "^1.0.3"
    has-symbols "^1.0.1"

globals@^11.1.0:
  version "11.12.0"
  resolved "https://registry.yarnpkg.com/globals/-/globals-11.12.0.tgz#ab8795338868a0babd8525758018c2a7eb95c42e"
  integrity sha512-WOBp/EEGUiIsJSp7wcv/y6MO+lV9UoncWqxuFfm8eBwzWNgyfBd6Gz+IeKQ9jCmyhoH99g15M3T+QaVHFjizVA==

has-flag@^3.0.0:
  version "3.0.0"
  resolved "https://registry.yarnpkg.com/has-flag/-/has-flag-3.0.0.tgz#b5d454dc2199ae225699f3467e5a07f3b955bafd"
  integrity sha1-tdRU3CGZriJWmfNGfloH87lVuv0=

has-symbols@^1.0.1:
  version "1.0.1"
  resolved "https://registry.yarnpkg.com/has-symbols/-/has-symbols-1.0.1.tgz#9f5214758a44196c406d9bd76cebf81ec2dd31e8"
  integrity sha512-PLcsoqu++dmEIZB+6totNFKq/7Do+Z0u4oT0zKOJNl3lYK6vGwwu2hjHs+68OEZbTjiUE9bgOABXbP/GvrS0Kg==

has@^1.0.3:
  version "1.0.3"
  resolved "https://registry.yarnpkg.com/has/-/has-1.0.3.tgz#722d7cbfc1f6aa8241f16dd814e011e1f41e8796"
  integrity sha512-f2dvO0VU6Oej7RkWJGrehjbzMAjFp5/VKPp5tTpWIV4JHHZK1/BxbFRtf/siA2SWTe09caDmVtYYzWEIbBS4zw==
  dependencies:
    function-bind "^1.1.1"

internal-slot@^1.0.2:
  version "1.0.2"
  resolved "https://registry.yarnpkg.com/internal-slot/-/internal-slot-1.0.2.tgz#9c2e9fb3cd8e5e4256c6f45fe310067fcfa378a3"
  integrity sha512-2cQNfwhAfJIkU4KZPkDI+Gj5yNNnbqi40W9Gge6dfnk4TocEVm00B3bdiL+JINrbGJil2TeHvM4rETGzk/f/0g==
  dependencies:
    es-abstract "^1.17.0-next.1"
    has "^1.0.3"
    side-channel "^1.0.2"

is-callable@^1.1.4, is-callable@^1.2.2:
  version "1.2.2"
  resolved "https://registry.yarnpkg.com/is-callable/-/is-callable-1.2.2.tgz#c7c6715cd22d4ddb48d3e19970223aceabb080d9"
  integrity sha512-dnMqspv5nU3LoewK2N/y7KLtxtakvTuaCsU9FU50/QDmdbHNy/4/JuRtMHqRU22o3q+W89YQndQEeCVwK+3qrA==

is-core-module@^2.1.0:
  version "2.2.0"
  resolved "https://registry.yarnpkg.com/is-core-module/-/is-core-module-2.2.0.tgz#97037ef3d52224d85163f5597b2b63d9afed981a"
  integrity sha512-XRAfAdyyY5F5cOXn7hYQDqh2Xmii+DEfIcQGxK/uNwMHhIkPWO0g8msXcbzLe+MpGoR951MlqM/2iIlU4vKDdQ==
  dependencies:
    has "^1.0.3"

is-date-object@^1.0.1:
  version "1.0.2"
  resolved "https://registry.yarnpkg.com/is-date-object/-/is-date-object-1.0.2.tgz#bda736f2cd8fd06d32844e7743bfa7494c3bfd7e"
  integrity sha512-USlDT524woQ08aoZFzh3/Z6ch9Y/EWXEHQ/AaRN0SkKq4t2Jw2R2339tSXmwuVoY7LLlBCbOIlx2myP/L5zk0g==

is-negative-zero@^2.0.0:
  version "2.0.1"
  resolved "https://registry.yarnpkg.com/is-negative-zero/-/is-negative-zero-2.0.1.tgz#3de746c18dda2319241a53675908d8f766f11c24"
  integrity sha512-2z6JzQvZRa9A2Y7xC6dQQm4FSTSTNWjKIYYTt4246eMTJmIo0Q+ZyOsU66X8lxK1AbB92dFeglPLrhwpeRKO6w==

is-regex@^1.1.1:
  version "1.1.1"
  resolved "https://registry.yarnpkg.com/is-regex/-/is-regex-1.1.1.tgz#c6f98aacc546f6cec5468a07b7b153ab564a57b9"
  integrity sha512-1+QkEcxiLlB7VEyFtyBg94e08OAsvq7FUBgApTq/w2ymCLyKJgDPsybBENVtA7XCQEgEXxKPonG+mvYRxh/LIg==
  dependencies:
    has-symbols "^1.0.1"

is-string@^1.0.5:
  version "1.0.5"
  resolved "https://registry.yarnpkg.com/is-string/-/is-string-1.0.5.tgz#40493ed198ef3ff477b8c7f92f644ec82a5cd3a6"
  integrity sha512-buY6VNRjhQMiF1qWDouloZlQbRhDPCebwxSjxMjxgemYT46YMd2NR0/H+fBhEfWX4A/w9TBJ+ol+okqJKFE6vQ==

is-symbol@^1.0.2:
  version "1.0.3"
  resolved "https://registry.yarnpkg.com/is-symbol/-/is-symbol-1.0.3.tgz#38e1014b9e6329be0de9d24a414fd7441ec61937"
  integrity sha512-OwijhaRSgqvhm/0ZdAcXNZt9lYdKFpcRDT5ULUuYXPoT794UNOdU+gpT6Rzo7b4V2HUl/op6GqY894AZwv9faQ==
  dependencies:
    has-symbols "^1.0.1"

"js-tokens@^3.0.0 || ^4.0.0", js-tokens@^4.0.0:
  version "4.0.0"
  resolved "https://registry.yarnpkg.com/js-tokens/-/js-tokens-4.0.0.tgz#19203fb59991df98e3a287050d4647cdeaf32499"
  integrity sha512-RdJUflcE3cUzKiMqQgsCu06FPu9UdIJO0beYbPhHN4k6apgJtifcoCtT9bcxOpYBtpD2kCM6Sbzg4CausW/PKQ==

jsesc@^2.5.1:
  version "2.5.2"
  resolved "https://registry.yarnpkg.com/jsesc/-/jsesc-2.5.2.tgz#80564d2e483dacf6e8ef209650a67df3f0c283a4"
  integrity sha512-OYu7XEzjkCQ3C5Ps3QIZsQfNpqoJyZZA99wd9aWd05NCtC5pWOkShK2mkL6HXQR6/Cy2lbNdPlZBpuQHXE63gA==

"jsx-ast-utils@^2.4.1 || ^3.0.0":
  version "3.2.0"
  resolved "https://registry.yarnpkg.com/jsx-ast-utils/-/jsx-ast-utils-3.2.0.tgz#41108d2cec408c3453c1bbe8a4aae9e1e2bd8f82"
  integrity sha512-EIsmt3O3ljsU6sot/J4E1zDRxfBNrhjyf/OKjlydwgEimQuznlM4Wv7U+ueONJMyEn1WRE0K8dhi3dVAXYT24Q==
  dependencies:
    array-includes "^3.1.2"
    object.assign "^4.1.2"

lodash@^4.17.19:
  version "4.17.20"
  resolved "https://registry.yarnpkg.com/lodash/-/lodash-4.17.20.tgz#b44a9b6297bcb698f1c51a3545a2b3b368d59c52"
  integrity sha512-PlhdFcillOINfeV7Ni6oF1TAEayyZBoZ8bcshTHqOYJYlrqzRK5hagpagky5o4HfCzzd1TRkXPMFq6cKk9rGmA==

loose-envify@^1.4.0:
  version "1.4.0"
  resolved "https://registry.yarnpkg.com/loose-envify/-/loose-envify-1.4.0.tgz#71ee51fa7be4caec1a63839f7e682d8132d30caf"
  integrity sha512-lyuxPGr/Wfhrlem2CL/UcnUc1zcqKAImBDzukY7Y5F/yQiNdko6+fRLevlw1HgMySw7f611UIY408EtxRSoK3Q==
  dependencies:
    js-tokens "^3.0.0 || ^4.0.0"

ms@2.1.2:
  version "2.1.2"
  resolved "https://registry.yarnpkg.com/ms/-/ms-2.1.2.tgz#d09d1f357b443f493382a8eb3ccd183872ae6009"
  integrity sha512-sGkPx+VjMtmA6MX27oA4FBFELFCZZ4S4XqeGOXCv68tT+jb3vk/RyaKWP0PTKyWtmLSM0b+adUTEvbs1PEaH2w==

object-assign@^4.1.1:
  version "4.1.1"
  resolved "https://registry.yarnpkg.com/object-assign/-/object-assign-4.1.1.tgz#2109adc7965887cfc05cbbd442cac8bfbb360863"
  integrity sha1-IQmtx5ZYh8/AXLvUQsrIv7s2CGM=

object-inspect@^1.8.0, object-inspect@^1.9.0:
  version "1.9.0"
  resolved "https://registry.yarnpkg.com/object-inspect/-/object-inspect-1.9.0.tgz#c90521d74e1127b67266ded3394ad6116986533a"
  integrity sha512-i3Bp9iTqwhaLZBxGkRfo5ZbE07BQRT7MGu8+nNgwW9ItGp1TzCTw2DLEoWwjClxBjOFI/hWljTAmYGCEwmtnOw==

object-keys@^1.0.12, object-keys@^1.1.1:
  version "1.1.1"
  resolved "https://registry.yarnpkg.com/object-keys/-/object-keys-1.1.1.tgz#1c47f272df277f3b1daf061677d9c82e2322c60e"
  integrity sha512-NuAESUOUMrlIXOfHKzD6bpPu3tYt3xvjNdRIQ+FeT0lNb4K8WR70CaDxhuNguS2XG+GjkyMwOzsN5ZktImfhLA==

object.assign@^4.1.1, object.assign@^4.1.2:
  version "4.1.2"
  resolved "https://registry.yarnpkg.com/object.assign/-/object.assign-4.1.2.tgz#0ed54a342eceb37b38ff76eb831a0e788cb63940"
  integrity sha512-ixT2L5THXsApyiUPYKmW+2EHpXXe5Ii3M+f4e+aJFAHao5amFRW6J0OO6c/LU8Be47utCx2GL89hxGB6XSmKuQ==
  dependencies:
    call-bind "^1.0.0"
    define-properties "^1.1.3"
    has-symbols "^1.0.1"
    object-keys "^1.1.1"

object.entries@^1.1.2:
  version "1.1.3"
  resolved "https://registry.yarnpkg.com/object.entries/-/object.entries-1.1.3.tgz#c601c7f168b62374541a07ddbd3e2d5e4f7711a6"
  integrity sha512-ym7h7OZebNS96hn5IJeyUmaWhaSM4SVtAPPfNLQEI2MYWCO2egsITb9nab2+i/Pwibx+R0mtn+ltKJXRSeTMGg==
  dependencies:
    call-bind "^1.0.0"
    define-properties "^1.1.3"
    es-abstract "^1.18.0-next.1"
    has "^1.0.3"

object.fromentries@^2.0.2:
  version "2.0.3"
  resolved "https://registry.yarnpkg.com/object.fromentries/-/object.fromentries-2.0.3.tgz#13cefcffa702dc67750314a3305e8cb3fad1d072"
  integrity sha512-IDUSMXs6LOSJBWE++L0lzIbSqHl9KDCfff2x/JSEIDtEUavUnyMYC2ZGay/04Zq4UT8lvd4xNhU4/YHKibAOlw==
  dependencies:
    call-bind "^1.0.0"
    define-properties "^1.1.3"
    es-abstract "^1.18.0-next.1"
    has "^1.0.3"

object.values@^1.1.1:
  version "1.1.2"
  resolved "https://registry.yarnpkg.com/object.values/-/object.values-1.1.2.tgz#7a2015e06fcb0f546bd652486ce8583a4731c731"
  integrity sha512-MYC0jvJopr8EK6dPBiO8Nb9mvjdypOachO5REGk6MXzujbBrAisKo3HmdEI6kZDL6fC31Mwee/5YbtMebixeag==
  dependencies:
    call-bind "^1.0.0"
    define-properties "^1.1.3"
    es-abstract "^1.18.0-next.1"
    has "^1.0.3"

path-parse@^1.0.6:
  version "1.0.6"
  resolved "https://registry.yarnpkg.com/path-parse/-/path-parse-1.0.6.tgz#d62dbb5679405d72c4737ec58600e9ddcf06d24c"
  integrity sha512-GSmOT2EbHrINBf9SR7CDELwlJ8AENk3Qn7OikK4nFYAu3Ote2+JYNVvkpAEQm3/TLNEJFD/xZJjzyxg3KBWOzw==

prop-types@^15.7.2:
  version "15.7.2"
  resolved "https://registry.yarnpkg.com/prop-types/-/prop-types-15.7.2.tgz#52c41e75b8c87e72b9d9360e0206b99dcbffa6c5"
  integrity sha512-8QQikdH7//R2vurIJSutZ1smHYTcLpRWEOlHnzcWHmBYrOGUysKwSsrC89BCiFj3CbrfJ/nXFdJepOVrY1GCHQ==
  dependencies:
    loose-envify "^1.4.0"
    object-assign "^4.1.1"
    react-is "^16.8.1"

react-is@^16.8.1:
  version "16.13.1"
  resolved "https://registry.yarnpkg.com/react-is/-/react-is-16.13.1.tgz#789729a4dc36de2999dc156dd6c1d9c18cea56a4"
  integrity sha512-24e6ynE2H+OKt4kqsOvNd8kBpV65zoxbA4BVsEOB3ARVWQki/DHzaUoC5KuON/BiccDaCCTZBuOcfZs70kR8bQ==

regexp.prototype.flags@^1.3.0:
  version "1.3.0"
  resolved "https://registry.yarnpkg.com/regexp.prototype.flags/-/regexp.prototype.flags-1.3.0.tgz#7aba89b3c13a64509dabcf3ca8d9fbb9bdf5cb75"
  integrity sha512-2+Q0C5g951OlYlJz6yu5/M33IcsESLlLfsyIaLJaG4FA2r4yP8MvVMJUUP/fVBkSpbbbZlS5gynbEWLipiiXiQ==
  dependencies:
    define-properties "^1.1.3"
    es-abstract "^1.17.0-next.1"

resolve@^1.12.0, resolve@^1.18.1:
  version "1.19.0"
  resolved "https://registry.yarnpkg.com/resolve/-/resolve-1.19.0.tgz#1af5bf630409734a067cae29318aac7fa29a267c"
  integrity sha512-rArEXAgsBG4UgRGcynxWIWKFvh/XZCcS8UJdHhwy91zwAvCZIbcs+vAbflgBnNjYMs/i/i+/Ux6IZhML1yPvxg==
  dependencies:
    is-core-module "^2.1.0"
    path-parse "^1.0.6"

side-channel@^1.0.2, side-channel@^1.0.3:
  version "1.0.4"
  resolved "https://registry.yarnpkg.com/side-channel/-/side-channel-1.0.4.tgz#efce5c8fdc104ee751b25c58d4290011fa5ea2cf"
  integrity sha512-q5XPytqFEIKHkGdiMIrY10mvLRvnQh42/+GoBlFW3b2LXLE2xxJpZFdm94we0BaoV3RwJyGqg5wS7epxTv0Zvw==
  dependencies:
    call-bind "^1.0.0"
    get-intrinsic "^1.0.2"
    object-inspect "^1.9.0"

source-map@^0.5.0:
  version "0.5.7"
  resolved "https://registry.yarnpkg.com/source-map/-/source-map-0.5.7.tgz#8a039d2d1021d22d1ea14c80d8ea468ba2ef3fcc"
  integrity sha1-igOdLRAh0i0eoUyA2OpGi6LvP8w=

string.prototype.matchall@^4.0.2:
  version "4.0.3"
  resolved "https://registry.yarnpkg.com/string.prototype.matchall/-/string.prototype.matchall-4.0.3.tgz#24243399bc31b0a49d19e2b74171a15653ec996a"
  integrity sha512-OBxYDA2ifZQ2e13cP82dWFMaCV9CGF8GzmN4fljBVw5O5wep0lu4gacm1OL6MjROoUnB8VbkWRThqkV2YFLNxw==
  dependencies:
    call-bind "^1.0.0"
    define-properties "^1.1.3"
    es-abstract "^1.18.0-next.1"
    has-symbols "^1.0.1"
    internal-slot "^1.0.2"
    regexp.prototype.flags "^1.3.0"
    side-channel "^1.0.3"

string.prototype.trimend@^1.0.1:
  version "1.0.3"
  resolved "https://registry.yarnpkg.com/string.prototype.trimend/-/string.prototype.trimend-1.0.3.tgz#a22bd53cca5c7cf44d7c9d5c732118873d6cd18b"
  integrity sha512-ayH0pB+uf0U28CtjlLvL7NaohvR1amUvVZk+y3DYb0Ey2PUV5zPkkKy9+U1ndVEIXO8hNg18eIv9Jntbii+dKw==
  dependencies:
    call-bind "^1.0.0"
    define-properties "^1.1.3"

string.prototype.trimstart@^1.0.1:
  version "1.0.3"
  resolved "https://registry.yarnpkg.com/string.prototype.trimstart/-/string.prototype.trimstart-1.0.3.tgz#9b4cb590e123bb36564401d59824298de50fd5aa"
  integrity sha512-oBIBUy5lea5tt0ovtOFiEQaBkoBBkyJhZXzJYrSmDo5IUUqbOPvVezuRs/agBIdZ2p2Eo1FD6bD9USyBLfl3xg==
  dependencies:
    call-bind "^1.0.0"
    define-properties "^1.1.3"

supports-color@^5.3.0:
  version "5.5.0"
  resolved "https://registry.yarnpkg.com/supports-color/-/supports-color-5.5.0.tgz#e2e69a44ac8772f78a1ec0b35b689df6530efc8f"
  integrity sha512-QjVjwdXIt408MIiAqCX4oUKsgU2EqAGzs2Ppkm4aQYbjm+ZEWEcW4SfFNTr4uMNZma0ey4f5lgLrkB0aX0QMow==
  dependencies:
    has-flag "^3.0.0"

to-fast-properties@^2.0.0:
  version "2.0.0"
  resolved "https://registry.yarnpkg.com/to-fast-properties/-/to-fast-properties-2.0.0.tgz#dc5e698cbd079265bc73e0377681a4e4e83f616e"
  integrity sha1-3F5pjL0HkmW8c+A3doGk5Og/YW4=
